
Microsoft Visual Studio Solution File, Format Version 12.00
# Visual Studio Version 17
VisualStudioVersion = 17.7.34018.315
MinimumVisualStudioVersion = 10.0.40219.1
Project("{9A19103F-16F7-4668-BE54-9A1E7A4F7556}") = "BPMN", "BPMNTest\BPMN.csproj", "{EF1FA355-2E5B-4CCC-94C0-7BC44555F303}"
EndProject
Project("{9A19103F-16F7-4668-BE54-9A1E7A4F7556}") = "YandexTrackerApi", "YandexTrackerApi\YandexTrackerApi.csproj", "{2B80704A-9E77-4FFF-8092-BD63B13BF60D}"
EndProject
Project("{9A19103F-16F7-4668-BE54-9A1E7A4F7556}") = "BPMNWorkFlow", "BPMNWorkFlow\BPMNWorkFlow.csproj", "{CCD58725-EB85-4931-AB92-DE948373369B}"
EndProject
Global
	GlobalSection(SolutionConfigurationPlatforms) = preSolution
		Debug|Any CPU = Debug|Any CPU
		Release|Any CPU = Release|Any CPU
	EndGlobalSection
	GlobalSection(ProjectConfigurationPlatforms) = postSolution
		{EF1FA355-2E5B-4CCC-94C0-7BC44555F303}.Debug|Any CPU.ActiveCfg = Debug|Any CPU
		{EF1FA355-2E5B-4CCC-94C0-7BC44555F303}.Debug|Any CPU.Build.0 = Debug|Any CPU
		{EF1FA355-2E5B-4CCC-94C0-7BC44555F303}.Release|Any CPU.ActiveCfg = Release|Any CPU
		{EF1FA355-2E5B-4CCC-94C0-7BC44555F303}.Release|Any CPU.Build.0 = Release|Any CPU
		{2B80704A-9E77-4FFF-8092-BD63B13BF60D}.Debug|Any CPU.ActiveCfg = Debug|Any CPU
		{2B80704A-9E77-4FFF-8092-BD63B13BF60D}.Debug|Any CPU.Build.0 = Debug|Any CPU
		{2B80704A-9E77-4FFF-8092-BD63B13BF60D}.Release|Any CPU.ActiveCfg = Release|Any CPU
		{2B80704A-9E77-4FFF-8092-BD63B13BF60D}.Release|Any CPU.Build.0 = Release|Any CPU
		{CCD58725-EB85-4931-AB92-DE948373369B}.Debug|Any CPU.ActiveCfg = Debug|Any CPU
		{CCD58725-EB85-4931-AB92-DE948373369B}.Debug|Any CPU.Build.0 = Debug|Any CPU
		{CCD58725-EB85-4931-AB92-DE948373369B}.Release|Any CPU.ActiveCfg = Release|Any CPU
		{CCD58725-EB85-4931-AB92-DE948373369B}.Release|Any CPU.Build.0 = Release|Any CPU
	EndGlobalSection
	GlobalSection(SolutionProperties) = preSolution
		HideSolutionNode = FALSE
	EndGlobalSection
	GlobalSection(ExtensibilityGlobals) = postSolution
		SolutionGuid = {806C3824-7137-43A1-BFCA-8E9AA19D5851}
	EndGlobalSection
EndGlobal
